# THIS IS AN AUTOGENERATED FILE. DO NOT EDIT THIS FILE DIRECTLY.
# yarn lockfile v1


emailjs@^4.0.2:
  version "4.0.2"
  resolved "https://registry.yarnpkg.com/emailjs/-/emailjs-4.0.2.tgz#4ebb555a40a51e0493928e3a6b628da44044e2c7"
  integrity sha512-w/tldI93qO7uw9XzdwCCRR36OY/TYJxB81vEOmQkmxVDZOdrAnoQoOAvaMoDmmBUSoD1msyAIwBdKFWzC7lgKQ==
